
Microsoft Visual Studio Solution File, Format Version 12.00
# Visual Studio Version 17
VisualStudioVersion = 17.6.33829.357
MinimumVisualStudioVersion = 10.0.40219.1
Project("{FAE04EC0-301F-11D3-BF4B-00C04F79EFBC}") = "MvcProjeKampi", "MvcProjeKampi\MvcProjeKampi.csproj", "{254F859C-1C2B-4D1E-9B93-ABEEB541122C}"
EndProject
Project("{FAE04EC0-301F-11D3-BF4B-00C04F79EFBC}") = "EntityLayer", "EntityLayer\EntityLayer.csproj", "{994F6F26-4DCD-4C5A-9CDC-5E9169A41B4E}"
EndProject
Project("{FAE04EC0-301F-11D3-BF4B-00C04F79EFBC}") = "DataAccessLayer", "DataAccessLayer\DataAccessLayer.csproj", "{F408031F-73E6-4673-A360-DE1A0153BCD8}"
EndProject
Project("{FAE04EC0-301F-11D3-BF4B-00C04F79EFBC}") = "BusinessLayer", "BusinessLayer\BusinessLayer.csproj", "{62EEDE36-5DB4-4405-A4EE-8C7A7A876ABB}"
EndProject
Global
	GlobalSection(SolutionConfigurationPlatforms) = preSolution
		Debug|Any CPU = Debug|Any CPU
		Release|Any CPU = Release|Any CPU
	EndGlobalSection
	GlobalSection(ProjectConfigurationPlatforms) = postSolution
		{254F859C-1C2B-4D1E-9B93-ABEEB541122C}.Debug|Any CPU.ActiveCfg = Debug|Any CPU
		{254F859C-1C2B-4D1E-9B93-ABEEB541122C}.Debug|Any CPU.Build.0 = Debug|Any CPU
		{254F859C-1C2B-4D1E-9B93-ABEEB541122C}.Release|Any CPU.ActiveCfg = Release|Any CPU
		{254F859C-1C2B-4D1E-9B93-ABEEB541122C}.Release|Any CPU.Build.0 = Release|Any CPU
		{994F6F26-4DCD-4C5A-9CDC-5E9169A41B4E}.Debug|Any CPU.ActiveCfg = Debug|Any CPU
		{994F6F26-4DCD-4C5A-9CDC-5E9169A41B4E}.Debug|Any CPU.Build.0 = Debug|Any CPU
		{994F6F26-4DCD-4C5A-9CDC-5E9169A41B4E}.Release|Any CPU.ActiveCfg = Release|Any CPU
		{994F6F26-4DCD-4C5A-9CDC-5E9169A41B4E}.Release|Any CPU.Build.0 = Release|Any CPU
		{F408031F-73E6-4673-A360-DE1A0153BCD8}.Debug|Any CPU.ActiveCfg = Debug|Any CPU
		{F408031F-73E6-4673-A360-DE1A0153BCD8}.Debug|Any CPU.Build.0 = Debug|Any CPU
		{F408031F-73E6-4673-A360-DE1A0153BCD8}.Release|Any CPU.ActiveCfg = Release|Any CPU
		{F408031F-73E6-4673-A360-DE1A0153BCD8}.Release|Any CPU.Build.0 = Release|Any CPU
		{62EEDE36-5DB4-4405-A4EE-8C7A7A876ABB}.Debug|Any CPU.ActiveCfg = Debug|Any CPU
		{62EEDE36-5DB4-4405-A4EE-8C7A7A876ABB}.Debug|Any CPU.Build.0 = Debug|Any CPU
		{62EEDE36-5DB4-4405-A4EE-8C7A7A876ABB}.Release|Any CPU.ActiveCfg = Release|Any CPU
		{62EEDE36-5DB4-4405-A4EE-8C7A7A876ABB}.Release|Any CPU.Build.0 = Release|Any CPU
	EndGlobalSection
	GlobalSection(SolutionProperties) = preSolution
		HideSolutionNode = FALSE
	EndGlobalSection
	GlobalSection(ExtensibilityGlobals) = postSolution
		SolutionGuid = {6D07B843-B664-4970-97C8-F7525EB450BF}
	EndGlobalSection
EndGlobal
